
Microsoft Visual Studio Solution File, Format Version 12.00
# Visual Studio Version 17
VisualStudioVersion = 17.5.33530.505
MinimumVisualStudioVersion = 10.0.40219.1
Project("{FAE04EC0-301F-11D3-BF4B-00C04F79EFBC}") = "Akshata_Task", "Akshata_Task\Akshata_Task.csproj", "{4976D83F-570E-4920-986A-10C4F5E0F6F9}"
EndProject
Global
	GlobalSection(SolutionConfigurationPlatforms) = preSolution
		Debug|Any CPU = Debug|Any CPU
		Release|Any CPU = Release|Any CPU
	EndGlobalSection
	GlobalSection(ProjectConfigurationPlatforms) = postSolution
		{4976D83F-570E-4920-986A-10C4F5E0F6F9}.Debug|Any CPU.ActiveCfg = Debug|Any CPU
		{4976D83F-570E-4920-986A-10C4F5E0F6F9}.Debug|Any CPU.Build.0 = Debug|Any CPU
		{4976D83F-570E-4920-986A-10C4F5E0F6F9}.Release|Any CPU.ActiveCfg = Release|Any CPU
		{4976D83F-570E-4920-986A-10C4F5E0F6F9}.Release|Any CPU.Build.0 = Release|Any CPU
	EndGlobalSection
	GlobalSection(SolutionProperties) = preSolution
		HideSolutionNode = FALSE
	EndGlobalSection
	GlobalSection(ExtensibilityGlobals) = postSolution
		SolutionGuid = {299203B1-BEF1-48F8-8087-F9659D347859}
	EndGlobalSection
EndGlobal
